
Microsoft Visual Studio Solution File, Format Version 12.00
# Visual Studio Version 17
VisualStudioVersion = 17.10.34916.146
MinimumVisualStudioVersion = 10.0.40219.1
Project("{FAE04EC0-301F-11D3-BF4B-00C04F79EFBC}") = "ProyectoIoT", "ProyectoIoT\ProyectoIoT.csproj", "{31EA6940-EEE2-4CA2-99BA-471E21F25FCF}"
EndProject
Global
	GlobalSection(SolutionConfigurationPlatforms) = preSolution
		Debug|Any CPU = Debug|Any CPU
		Release|Any CPU = Release|Any CPU
	EndGlobalSection
	GlobalSection(ProjectConfigurationPlatforms) = postSolution
		{31EA6940-EEE2-4CA2-99BA-471E21F25FCF}.Debug|Any CPU.ActiveCfg = Debug|Any CPU
		{31EA6940-EEE2-4CA2-99BA-471E21F25FCF}.Debug|Any CPU.Build.0 = Debug|Any CPU
		{31EA6940-EEE2-4CA2-99BA-471E21F25FCF}.Release|Any CPU.ActiveCfg = Release|Any CPU
		{31EA6940-EEE2-4CA2-99BA-471E21F25FCF}.Release|Any CPU.Build.0 = Release|Any CPU
	EndGlobalSection
	GlobalSection(SolutionProperties) = preSolution
		HideSolutionNode = FALSE
	EndGlobalSection
	GlobalSection(ExtensibilityGlobals) = postSolution
		SolutionGuid = {80E6F624-BAE1-44F2-82C2-DC9CA376B5CD}
	EndGlobalSection
EndGlobal
